
Microsoft Visual Studio Solution File, Format Version 12.00
Project("{FAE04EC0-301F-11D3-BF4B-00C04F79EFBC}") = "Domain", "Domain\Domain.csproj", "{025CA634-2F95-41E8-BA9A-40968347B898}"
EndProject
Project("{FAE04EC0-301F-11D3-BF4B-00C04F79EFBC}") = "Migrations", "Migrations\Migrations.csproj", "{E2D80D03-9E8A-4B1E-9087-356784968945}"
EndProject
Project("{FAE04EC0-301F-11D3-BF4B-00C04F79EFBC}") = "Persistence", "Persistence\Persistence.csproj", "{06C95A91-9DE0-4099-AE8C-590D989014C3}"
EndProject
Project("{2150E333-8FDC-42A3-9474-1A3956D46DE8}") = "SetupLocalEnvironment", "SetupLocalEnvironment", "{4EF066CC-D6A2-4836-9637-89C26DFF0B91}"
	ProjectSection(SolutionItems) = preProject
		SetupMyProject.ps1 = SetupMyProject.ps1
	EndProjectSection
EndProject
Project("{FAE04EC0-301F-11D3-BF4B-00C04F79EFBC}") = "Testing.Framework", "Testing.Framework\Testing.Framework.csproj", "{7654B4A3-B691-422F-A37B-A8C2F1AD241A}"
EndProject
Project("{FAE04EC0-301F-11D3-BF4B-00C04F79EFBC}") = "Testing.Integration.Db", "Testing.Integration.Db\Testing.Integration.Db.csproj", "{CCF33B45-0824-4C88-B30C-374F4EF497FE}"
EndProject
Project("{FAE04EC0-301F-11D3-BF4B-00C04F79EFBC}") = "Testing.Unit", "Testing.Unit\Testing.Unit.csproj", "{D429C61B-3C13-4DE9-A0E5-4E2D3D58C4E3}"
EndProject
Project("{FAE04EC0-301F-11D3-BF4B-00C04F79EFBC}") = "Application", "Application\Application.csproj", "{DDE9D3F5-6BA9-49D5-A969-BBDD7B97934F}"
EndProject
Global
	GlobalSection(SolutionConfigurationPlatforms) = preSolution
		Debug|Any CPU = Debug|Any CPU
		Release|Any CPU = Release|Any CPU
	EndGlobalSection
	GlobalSection(ProjectConfigurationPlatforms) = postSolution
		{025CA634-2F95-41E8-BA9A-40968347B898}.Debug|Any CPU.ActiveCfg = Debug|Any CPU
		{025CA634-2F95-41E8-BA9A-40968347B898}.Debug|Any CPU.Build.0 = Debug|Any CPU
		{025CA634-2F95-41E8-BA9A-40968347B898}.Release|Any CPU.ActiveCfg = Release|Any CPU
		{025CA634-2F95-41E8-BA9A-40968347B898}.Release|Any CPU.Build.0 = Release|Any CPU
		{E2D80D03-9E8A-4B1E-9087-356784968945}.Debug|Any CPU.ActiveCfg = Debug|Any CPU
		{E2D80D03-9E8A-4B1E-9087-356784968945}.Debug|Any CPU.Build.0 = Debug|Any CPU
		{E2D80D03-9E8A-4B1E-9087-356784968945}.Release|Any CPU.ActiveCfg = Release|Any CPU
		{E2D80D03-9E8A-4B1E-9087-356784968945}.Release|Any CPU.Build.0 = Release|Any CPU
		{06C95A91-9DE0-4099-AE8C-590D989014C3}.Debug|Any CPU.ActiveCfg = Debug|Any CPU
		{06C95A91-9DE0-4099-AE8C-590D989014C3}.Debug|Any CPU.Build.0 = Debug|Any CPU
		{06C95A91-9DE0-4099-AE8C-590D989014C3}.Release|Any CPU.ActiveCfg = Release|Any CPU
		{06C95A91-9DE0-4099-AE8C-590D989014C3}.Release|Any CPU.Build.0 = Release|Any CPU
		{7654B4A3-B691-422F-A37B-A8C2F1AD241A}.Debug|Any CPU.ActiveCfg = Debug|Any CPU
		{7654B4A3-B691-422F-A37B-A8C2F1AD241A}.Debug|Any CPU.Build.0 = Debug|Any CPU
		{7654B4A3-B691-422F-A37B-A8C2F1AD241A}.Release|Any CPU.ActiveCfg = Release|Any CPU
		{7654B4A3-B691-422F-A37B-A8C2F1AD241A}.Release|Any CPU.Build.0 = Release|Any CPU
		{CCF33B45-0824-4C88-B30C-374F4EF497FE}.Debug|Any CPU.ActiveCfg = Debug|Any CPU
		{CCF33B45-0824-4C88-B30C-374F4EF497FE}.Debug|Any CPU.Build.0 = Debug|Any CPU
		{CCF33B45-0824-4C88-B30C-374F4EF497FE}.Release|Any CPU.ActiveCfg = Release|Any CPU
		{CCF33B45-0824-4C88-B30C-374F4EF497FE}.Release|Any CPU.Build.0 = Release|Any CPU
		{D429C61B-3C13-4DE9-A0E5-4E2D3D58C4E3}.Debug|Any CPU.ActiveCfg = Debug|Any CPU
		{D429C61B-3C13-4DE9-A0E5-4E2D3D58C4E3}.Debug|Any CPU.Build.0 = Debug|Any CPU
		{D429C61B-3C13-4DE9-A0E5-4E2D3D58C4E3}.Release|Any CPU.ActiveCfg = Release|Any CPU
		{D429C61B-3C13-4DE9-A0E5-4E2D3D58C4E3}.Release|Any CPU.Build.0 = Release|Any CPU
		{DDE9D3F5-6BA9-49D5-A969-BBDD7B97934F}.Debug|Any CPU.ActiveCfg = Debug|Any CPU
		{DDE9D3F5-6BA9-49D5-A969-BBDD7B97934F}.Debug|Any CPU.Build.0 = Debug|Any CPU
		{DDE9D3F5-6BA9-49D5-A969-BBDD7B97934F}.Release|Any CPU.ActiveCfg = Release|Any CPU
		{DDE9D3F5-6BA9-49D5-A969-BBDD7B97934F}.Release|Any CPU.Build.0 = Release|Any CPU
	EndGlobalSection
	GlobalSection(NestedProjects) = preSolution
	EndGlobalSection
EndGlobal
